
Microsoft Visual Studio Solution File, Format Version 12.00
# Visual Studio Version 17
VisualStudioVersion = 17.0.31903.59
MinimumVisualStudioVersion = 10.0.40219.1
Project("{FAE04EC0-301F-11D3-BF4B-00C04F79EFBC}") = "TekinputGenerator", "TekinputGenerator\TekinputGenerator.csproj", "{F8E4C252-27F1-4574-92CB-CB34AAC23326}"
EndProject
Project("{FAE04EC0-301F-11D3-BF4B-00C04F79EFBC}") = "ImGuiWindower", "ImGuiWindower\ImGuiWindower.csproj", "{FB51872A-980D-4E0A-BC1A-552960714F15}"
EndProject
Global
	GlobalSection(SolutionConfigurationPlatforms) = preSolution
		Debug|Any CPU = Debug|Any CPU
		Release|Any CPU = Release|Any CPU
	EndGlobalSection
	GlobalSection(SolutionProperties) = preSolution
		HideSolutionNode = FALSE
	EndGlobalSection
	GlobalSection(ProjectConfigurationPlatforms) = postSolution
		{F8E4C252-27F1-4574-92CB-CB34AAC23326}.Debug|Any CPU.ActiveCfg = Debug|Any CPU
		{F8E4C252-27F1-4574-92CB-CB34AAC23326}.Debug|Any CPU.Build.0 = Debug|Any CPU
		{F8E4C252-27F1-4574-92CB-CB34AAC23326}.Release|Any CPU.ActiveCfg = Release|Any CPU
		{F8E4C252-27F1-4574-92CB-CB34AAC23326}.Release|Any CPU.Build.0 = Release|Any CPU
		{FB51872A-980D-4E0A-BC1A-552960714F15}.Debug|Any CPU.ActiveCfg = Debug|Any CPU
		{FB51872A-980D-4E0A-BC1A-552960714F15}.Debug|Any CPU.Build.0 = Debug|Any CPU
		{FB51872A-980D-4E0A-BC1A-552960714F15}.Release|Any CPU.ActiveCfg = Release|Any CPU
		{FB51872A-980D-4E0A-BC1A-552960714F15}.Release|Any CPU.Build.0 = Release|Any CPU
	EndGlobalSection
EndGlobal
